
Microsoft Visual Studio Solution File, Format Version 12.00
# Visual Studio Version 17
VisualStudioVersion = 17.7.34031.279
MinimumVisualStudioVersion = 10.0.40219.1
Project("{FAE04EC0-301F-11D3-BF4B-00C04F79EFBC}") = "Loop", "Loop\Loop.csproj", "{D8A577F2-B270-4797-954B-E6CDAF35C50E}"
EndProject
Global
	GlobalSection(SolutionConfigurationPlatforms) = preSolution
		Debug|Any CPU = Debug|Any CPU
		Release|Any CPU = Release|Any CPU
	EndGlobalSection
	GlobalSection(ProjectConfigurationPlatforms) = postSolution
		{D8A577F2-B270-4797-954B-E6CDAF35C50E}.Debug|Any CPU.ActiveCfg = Debug|Any CPU
		{D8A577F2-B270-4797-954B-E6CDAF35C50E}.Debug|Any CPU.Build.0 = Debug|Any CPU
		{D8A577F2-B270-4797-954B-E6CDAF35C50E}.Release|Any CPU.ActiveCfg = Release|Any CPU
		{D8A577F2-B270-4797-954B-E6CDAF35C50E}.Release|Any CPU.Build.0 = Release|Any CPU
	EndGlobalSection
	GlobalSection(SolutionProperties) = preSolution
		HideSolutionNode = FALSE
	EndGlobalSection
	GlobalSection(ExtensibilityGlobals) = postSolution
		SolutionGuid = {C305E075-45CD-4F7A-B057-2795C3BA53D7}
	EndGlobalSection
EndGlobal
